// !$*UTF8*$!
{
	archiveVersion = 1;
	classes = {
	};
	objectVersion = 50;
	objects = {

/* Begin PBXBuildFile section */
		995A54B52242A36900377512 /* AppDelegate.swift in Sources */ = {isa = PBXBuildFile; fileRef = 995A54B42242A36900377512 /* AppDelegate.swift */; };
		995A54BA2242A36900377512 /* Main.storyboard in Resources */ = {isa = PBXBuildFile; fileRef = 995A54B82242A36900377512 /* Main.storyboard */; };
		995A54BC2242A36B00377512 /* Assets.xcassets in Resources */ = {isa = PBXBuildFile; fileRef = 995A54BB2242A36B00377512 /* Assets.xcassets */; };
		995A54BF2242A36B00377512 /* LaunchScreen.storyboard in Resources */ = {isa = PBXBuildFile; fileRef = 995A54BD2242A36B00377512 /* LaunchScreen.storyboard */; };
		995A54D52242A36B00377512 /* LastFMUITests.swift in Sources */ = {isa = PBXBuildFile; fileRef = 995A54D42242A36B00377512 /* LastFMUITests.swift */; };
		995A54E42242A61600377512 /* search_albums.json in Resources */ = {isa = PBXBuildFile; fileRef = 995A54E32242A61600377512 /* search_albums.json */; };
		995A54E62242A8B200377512 /* LoadingView.swift in Sources */ = {isa = PBXBuildFile; fileRef = 995A54E52242A8B200377512 /* LoadingView.swift */; };
		995A54E82242A8C200377512 /* LoadingViewTests.swift in Sources */ = {isa = PBXBuildFile; fileRef = 995A54E72242A8C200377512 /* LoadingViewTests.swift */; };
		995A54EA2242C75500377512 /* SearchViewController.swift in Sources */ = {isa = PBXBuildFile; fileRef = 995A54E92242C75500377512 /* SearchViewController.swift */; };
		995A54EC2242C7AD00377512 /* SearchViewControllerTests.swift in Sources */ = {isa = PBXBuildFile; fileRef = 995A54EB2242C7AD00377512 /* SearchViewControllerTests.swift */; };
		995A54F02242C9EB00377512 /* Result.swift in Sources */ = {isa = PBXBuildFile; fileRef = 995A54EF2242C9EB00377512 /* Result.swift */; };
		995A54F22242CB0B00377512 /* Album.swift in Sources */ = {isa = PBXBuildFile; fileRef = 995A54F12242CB0B00377512 /* Album.swift */; };
		995A54F52242CBBC00377512 /* MockSearchService.swift in Sources */ = {isa = PBXBuildFile; fileRef = 995A54F42242CBBC00377512 /* MockSearchService.swift */; };
		995A54F72242CEDD00377512 /* LastFMSearchService.swift in Sources */ = {isa = PBXBuildFile; fileRef = 995A54F62242CEDD00377512 /* LastFMSearchService.swift */; };
		995A54F92242CEF500377512 /* AppDelegateTests.swift in Sources */ = {isa = PBXBuildFile; fileRef = 995A54F82242CEF500377512 /* AppDelegateTests.swift */; };
		995A54FB2242CF0C00377512 /* LastFMSearchServiceTests.swift in Sources */ = {isa = PBXBuildFile; fileRef = 995A54FA2242CF0C00377512 /* LastFMSearchServiceTests.swift */; };
		995A54FD2242D43900377512 /* UIStoryboard+Helpers.swift in Sources */ = {isa = PBXBuildFile; fileRef = 995A54FC2242D43900377512 /* UIStoryboard+Helpers.swift */; };
		995A54FF2242D65200377512 /* ResultTests.swift in Sources */ = {isa = PBXBuildFile; fileRef = 995A54FE2242D65200377512 /* ResultTests.swift */; };
		995A55012242DACA00377512 /* MockURLSession.swift in Sources */ = {isa = PBXBuildFile; fileRef = 995A55002242DACA00377512 /* MockURLSession.swift */; };
		995A55032242DB0000377512 /* URLSessionProtocol.swift in Sources */ = {isa = PBXBuildFile; fileRef = 995A55022242DB0000377512 /* URLSessionProtocol.swift */; };
		995A55052242DC4B00377512 /* Bundle+Helpers.swift in Sources */ = {isa = PBXBuildFile; fileRef = 995A55042242DC4B00377512 /* Bundle+Helpers.swift */; };
		995A55082242DDB600377512 /* HelperFunctions.swift in Sources */ = {isa = PBXBuildFile; fileRef = 995A55072242DDB600377512 /* HelperFunctions.swift */; };
		995A550B2243021C00377512 /* AlbumSearchResponse.swift in Sources */ = {isa = PBXBuildFile; fileRef = 995A550A2243021C00377512 /* AlbumSearchResponse.swift */; };
		995A550E2243A4E300377512 /* Environment.swift in Sources */ = {isa = PBXBuildFile; fileRef = 995A550D2243A4E300377512 /* Environment.swift */; };
		995A55102243A7CC00377512 /* EnvironmentTests.swift in Sources */ = {isa = PBXBuildFile; fileRef = 995A550F2243A7CC00377512 /* EnvironmentTests.swift */; };
		995A55132243A89500377512 /* Environment.json in Resources */ = {isa = PBXBuildFile; fileRef = 995A55122243A89500377512 /* Environment.json */; };
		995A55162243AB4E00377512 /* Environment.example.json in Resources */ = {isa = PBXBuildFile; fileRef = 995A55152243AB2700377512 /* Environment.example.json */; };
		995A55182243B0A300377512 /* broken_environment.json in Resources */ = {isa = PBXBuildFile; fileRef = 995A55172243B0A300377512 /* broken_environment.json */; };
		995A551A2243B19F00377512 /* URLSessionProtocolTests.swift in Sources */ = {isa = PBXBuildFile; fileRef = 995A55192243B19F00377512 /* URLSessionProtocolTests.swift */; };
		995A551C2243B3AA00377512 /* AlbumsViewControllerTests.swift in Sources */ = {isa = PBXBuildFile; fileRef = 995A551B2243B3AA00377512 /* AlbumsViewControllerTests.swift */; };
		995A551E2243B3D900377512 /* AlbumsViewController.swift in Sources */ = {isa = PBXBuildFile; fileRef = 995A551D2243B3D900377512 /* AlbumsViewController.swift */; };
		995A55202243E8D000377512 /* AlbumsViewModel.swift in Sources */ = {isa = PBXBuildFile; fileRef = 995A551F2243E8D000377512 /* AlbumsViewModel.swift */; };
		995A55222243E96300377512 /* AlbumCell.swift in Sources */ = {isa = PBXBuildFile; fileRef = 995A55212243E96300377512 /* AlbumCell.swift */; };
		995A55242243EBE500377512 /* Album+Builder.swift in Sources */ = {isa = PBXBuildFile; fileRef = 995A55232243EBE500377512 /* Album+Builder.swift */; };
		995A55262243ED9800377512 /* believe.png in Resources */ = {isa = PBXBuildFile; fileRef = 995A55252243ED9800377512 /* believe.png */; };
		995A55282243EFCA00377512 /* ImageService.swift in Sources */ = {isa = PBXBuildFile; fileRef = 995A55272243EFCA00377512 /* ImageService.swift */; };
		995A552A2243F3C600377512 /* MockImageService.swift in Sources */ = {isa = PBXBuildFile; fileRef = 995A55292243F3C600377512 /* MockImageService.swift */; };
		995A552C2243FCC900377512 /* DefaultImageService.swift in Sources */ = {isa = PBXBuildFile; fileRef = 995A552B2243FCC900377512 /* DefaultImageService.swift */; };
		995A552E2243FFDE00377512 /* DefaultImageServiceTests.swift in Sources */ = {isa = PBXBuildFile; fileRef = 995A552D2243FFDE00377512 /* DefaultImageServiceTests.swift */; };
		995A55302244205000377512 /* album_details.json in Resources */ = {isa = PBXBuildFile; fileRef = 995A552F2244205000377512 /* album_details.json */; };
/* End PBXBuildFile section */

/* Begin PBXContainerItemProxy section */
		995A54C62242A36B00377512 /* PBXContainerItemProxy */ = {
			isa = PBXContainerItemProxy;
			containerPortal = 995A54A92242A36800377512 /* Project object */;
			proxyType = 1;
			remoteGlobalIDString = 995A54B02242A36800377512;
			remoteInfo = LastFM;
		};
		995A54D12242A36B00377512 /* PBXContainerItemProxy */ = {
			isa = PBXContainerItemProxy;
			containerPortal = 995A54A92242A36800377512 /* Project object */;
			proxyType = 1;
			remoteGlobalIDString = 995A54B02242A36800377512;
			remoteInfo = LastFM;
		};
/* End PBXContainerItemProxy section */

/* Begin PBXFileReference section */
		995A54B12242A36800377512 /* LastFM.app */ = {isa = PBXFileReference; explicitFileType = wrapper.application; includeInIndex = 0; path = LastFM.app; sourceTree = BUILT_PRODUCTS_DIR; };
		995A54B42242A36900377512 /* AppDelegate.swift */ = {isa = PBXFileReference; lastKnownFileType = sourcecode.swift; path = AppDelegate.swift; sourceTree = "<group>"; };
		995A54B92242A36900377512 /* Base */ = {isa = PBXFileReference; lastKnownFileType = file.storyboard; name = Base; path = Base.lproj/Main.storyboard; sourceTree = "<group>"; };
		995A54BB2242A36B00377512 /* Assets.xcassets */ = {isa = PBXFileReference; lastKnownFileType = folder.assetcatalog; path = Assets.xcassets; sourceTree = "<group>"; };
		995A54BE2242A36B00377512 /* Base */ = {isa = PBXFileReference; lastKnownFileType = file.storyboard; name = Base; path = Base.lproj/LaunchScreen.storyboard; sourceTree = "<group>"; };
		995A54C02242A36B00377512 /* Info.plist */ = {isa = PBXFileReference; lastKnownFileType = text.plist.xml; path = Info.plist; sourceTree = "<group>"; };
		995A54C52242A36B00377512 /* LastFMTests.xctest */ = {isa = PBXFileReference; explicitFileType = wrapper.cfbundle; includeInIndex = 0; path = LastFMTests.xctest; sourceTree = BUILT_PRODUCTS_DIR; };
		995A54CB2242A36B00377512 /* Info.plist */ = {isa = PBXFileReference; lastKnownFileType = text.plist.xml; path = Info.plist; sourceTree = "<group>"; };
		995A54D02242A36B00377512 /* LastFMUITests.xctest */ = {isa = PBXFileReference; explicitFileType = wrapper.cfbundle; includeInIndex = 0; path = LastFMUITests.xctest; sourceTree = BUILT_PRODUCTS_DIR; };
		995A54D42242A36B00377512 /* LastFMUITests.swift */ = {isa = PBXFileReference; lastKnownFileType = sourcecode.swift; path = LastFMUITests.swift; sourceTree = "<group>"; };
		995A54D62242A36B00377512 /* Info.plist */ = {isa = PBXFileReference; lastKnownFileType = text.plist.xml; path = Info.plist; sourceTree = "<group>"; };
		995A54E32242A61600377512 /* search_albums.json */ = {isa = PBXFileReference; lastKnownFileType = text.json; path = search_albums.json; sourceTree = "<group>"; };
		995A54E52242A8B200377512 /* LoadingView.swift */ = {isa = PBXFileReference; lastKnownFileType = sourcecode.swift; path = LoadingView.swift; sourceTree = "<group>"; };
		995A54E72242A8C200377512 /* LoadingViewTests.swift */ = {isa = PBXFileReference; lastKnownFileType = sourcecode.swift; path = LoadingViewTests.swift; sourceTree = "<group>"; };
		995A54E92242C75500377512 /* SearchViewController.swift */ = {isa = PBXFileReference; fileEncoding = 4; lastKnownFileType = sourcecode.swift; path = SearchViewController.swift; sourceTree = "<group>"; };
		995A54EB2242C7AD00377512 /* SearchViewControllerTests.swift */ = {isa = PBXFileReference; lastKnownFileType = sourcecode.swift; path = SearchViewControllerTests.swift; sourceTree = "<group>"; };
		995A54EF2242C9EB00377512 /* Result.swift */ = {isa = PBXFileReference; lastKnownFileType = sourcecode.swift; path = Result.swift; sourceTree = "<group>"; };
		995A54F12242CB0B00377512 /* Album.swift */ = {isa = PBXFileReference; lastKnownFileType = sourcecode.swift; path = Album.swift; sourceTree = "<group>"; };
		995A54F42242CBBC00377512 /* MockSearchService.swift */ = {isa = PBXFileReference; lastKnownFileType = sourcecode.swift; path = MockSearchService.swift; sourceTree = "<group>"; };
		995A54F62242CEDD00377512 /* LastFMSearchService.swift */ = {isa = PBXFileReference; lastKnownFileType = sourcecode.swift; path = LastFMSearchService.swift; sourceTree = "<group>"; };
		995A54F82242CEF500377512 /* AppDelegateTests.swift */ = {isa = PBXFileReference; lastKnownFileType = sourcecode.swift; path = AppDelegateTests.swift; sourceTree = "<group>"; };
		995A54FA2242CF0C00377512 /* LastFMSearchServiceTests.swift */ = {isa = PBXFileReference; lastKnownFileType = sourcecode.swift; path = LastFMSearchServiceTests.swift; sourceTree = "<group>"; };
		995A54FC2242D43900377512 /* UIStoryboard+Helpers.swift */ = {isa = PBXFileReference; lastKnownFileType = sourcecode.swift; path = "UIStoryboard+Helpers.swift"; sourceTree = "<group>"; };
		995A54FE2242D65200377512 /* ResultTests.swift */ = {isa = PBXFileReference; lastKnownFileType = sourcecode.swift; path = ResultTests.swift; sourceTree = "<group>"; };
		995A55002242DACA00377512 /* MockURLSession.swift */ = {isa = PBXFileReference; lastKnownFileType = sourcecode.swift; path = MockURLSession.swift; sourceTree = "<group>"; };
		995A55022242DB0000377512 /* URLSessionProtocol.swift */ = {isa = PBXFileReference; lastKnownFileType = sourcecode.swift; path = URLSessionProtocol.swift; sourceTree = "<group>"; };
		995A55042242DC4B00377512 /* Bundle+Helpers.swift */ = {isa = PBXFileReference; lastKnownFileType = sourcecode.swift; path = "Bundle+Helpers.swift"; sourceTree = "<group>"; };
		995A55072242DDB600377512 /* HelperFunctions.swift */ = {isa = PBXFileReference; lastKnownFileType = sourcecode.swift; path = HelperFunctions.swift; sourceTree = "<group>"; };
		995A550A2243021C00377512 /* AlbumSearchResponse.swift */ = {isa = PBXFileReference; lastKnownFileType = sourcecode.swift; path = AlbumSearchResponse.swift; sourceTree = "<group>"; };
		995A550D2243A4E300377512 /* Environment.swift */ = {isa = PBXFileReference; lastKnownFileType = sourcecode.swift; path = Environment.swift; sourceTree = "<group>"; };
		995A550F2243A7CC00377512 /* EnvironmentTests.swift */ = {isa = PBXFileReference; lastKnownFileType = sourcecode.swift; path = EnvironmentTests.swift; sourceTree = "<group>"; };
		995A55122243A89500377512 /* Environment.json */ = {isa = PBXFileReference; lastKnownFileType = text.json; name = Environment.json; path = ../Environment.json; sourceTree = "<group>"; };
		995A55142243AA1C00377512 /* README.md */ = {isa = PBXFileReference; lastKnownFileType = net.daringfireball.markdown; path = README.md; sourceTree = SOURCE_ROOT; };
		995A55152243AB2700377512 /* Environment.example.json */ = {isa = PBXFileReference; lastKnownFileType = text.json; path = Environment.example.json; sourceTree = SOURCE_ROOT; };
		995A55172243B0A300377512 /* broken_environment.json */ = {isa = PBXFileReference; lastKnownFileType = text.json; path = broken_environment.json; sourceTree = "<group>"; };
		995A55192243B19F00377512 /* URLSessionProtocolTests.swift */ = {isa = PBXFileReference; lastKnownFileType = sourcecode.swift; path = URLSessionProtocolTests.swift; sourceTree = "<group>"; };
		995A551B2243B3AA00377512 /* AlbumsViewControllerTests.swift */ = {isa = PBXFileReference; lastKnownFileType = sourcecode.swift; path = AlbumsViewControllerTests.swift; sourceTree = "<group>"; };
		995A551D2243B3D900377512 /* AlbumsViewController.swift */ = {isa = PBXFileReference; lastKnownFileType = sourcecode.swift; path = AlbumsViewController.swift; sourceTree = "<group>"; };
		995A551F2243E8D000377512 /* AlbumsViewModel.swift */ = {isa = PBXFileReference; lastKnownFileType = sourcecode.swift; path = AlbumsViewModel.swift; sourceTree = "<group>"; };
		995A55212243E96300377512 /* AlbumCell.swift */ = {isa = PBXFileReference; lastKnownFileType = sourcecode.swift; path = AlbumCell.swift; sourceTree = "<group>"; };
		995A55232243EBE500377512 /* Album+Builder.swift */ = {isa = PBXFileReference; lastKnownFileType = sourcecode.swift; path = "Album+Builder.swift"; sourceTree = "<group>"; };
		995A55252243ED9800377512 /* believe.png */ = {isa = PBXFileReference; lastKnownFileType = image.png; path = believe.png; sourceTree = "<group>"; };
		995A55272243EFCA00377512 /* ImageService.swift */ = {isa = PBXFileReference; lastKnownFileType = sourcecode.swift; path = ImageService.swift; sourceTree = "<group>"; };
		995A55292243F3C600377512 /* MockImageService.swift */ = {isa = PBXFileReference; lastKnownFileType = sourcecode.swift; path = MockImageService.swift; sourceTree = "<group>"; };
		995A552B2243FCC900377512 /* DefaultImageService.swift */ = {isa = PBXFileReference; lastKnownFileType = sourcecode.swift; path = DefaultImageService.swift; sourceTree = "<group>"; };
		995A552D2243FFDE00377512 /* DefaultImageServiceTests.swift */ = {isa = PBXFileReference; lastKnownFileType = sourcecode.swift; path = DefaultImageServiceTests.swift; sourceTree = "<group>"; };
		995A552F2244205000377512 /* album_details.json */ = {isa = PBXFileReference; lastKnownFileType = text.json; path = album_details.json; sourceTree = "<group>"; };
/* End PBXFileReference section */

/* Begin PBXFrameworksBuildPhase section */
		995A54AE2242A36800377512 /* Frameworks */ = {
			isa = PBXFrameworksBuildPhase;
			buildActionMask = 2147483647;
			files = (
			);
			runOnlyForDeploymentPostprocessing = 0;
		};
		995A54C22242A36B00377512 /* Frameworks */ = {
			isa = PBXFrameworksBuildPhase;
			buildActionMask = 2147483647;
			files = (
			);
			runOnlyForDeploymentPostprocessing = 0;
		};
		995A54CD2242A36B00377512 /* Frameworks */ = {
			isa = PBXFrameworksBuildPhase;
			buildActionMask = 2147483647;
			files = (
			);
			runOnlyForDeploymentPostprocessing = 0;
		};
/* End PBXFrameworksBuildPhase section */

/* Begin PBXGroup section */
		995A54A82242A36800377512 = {
			isa = PBXGroup;
			children = (
				995A54B32242A36800377512 /* LastFM */,
				995A54C82242A36B00377512 /* LastFMTests */,
				995A54D32242A36B00377512 /* LastFMUITests */,
				995A54B22242A36800377512 /* Products */,
			);
			sourceTree = "<group>";
		};
		995A54B22242A36800377512 /* Products */ = {
			isa = PBXGroup;
			children = (
				995A54B12242A36800377512 /* LastFM.app */,
				995A54C52242A36B00377512 /* LastFMTests.xctest */,
				995A54D02242A36B00377512 /* LastFMUITests.xctest */,
			);
			name = Products;
			sourceTree = "<group>";
		};
		995A54B32242A36800377512 /* LastFM */ = {
			isa = PBXGroup;
			children = (
				995A55152243AB2700377512 /* Environment.example.json */,
				995A55122243A89500377512 /* Environment.json */,
				995A55142243AA1C00377512 /* README.md */,
				995A54C02242A36B00377512 /* Info.plist */,
				995A54F12242CB0B00377512 /* Album.swift */,
				995A55212243E96300377512 /* AlbumCell.swift */,
				995A551D2243B3D900377512 /* AlbumsViewController.swift */,
				995A551F2243E8D000377512 /* AlbumsViewModel.swift */,
				995A54B42242A36900377512 /* AppDelegate.swift */,
				995A552B2243FCC900377512 /* DefaultImageService.swift */,
				995A54F62242CEDD00377512 /* LastFMSearchService.swift */,
				995A54E52242A8B200377512 /* LoadingView.swift */,
				995A54E92242C75500377512 /* SearchViewController.swift */,
				995A54BB2242A36B00377512 /* Assets.xcassets */,
				995A55092243020600377512 /* APISupport */,
				995A550C2243A49700377512 /* Helpers */,
				995A54BD2242A36B00377512 /* LaunchScreen.storyboard */,
				995A54B82242A36900377512 /* Main.storyboard */,
			);
			path = LastFM;
			sourceTree = "<group>";
		};
		995A54C82242A36B00377512 /* LastFMTests */ = {
			isa = PBXGroup;
			children = (
				995A54CB2242A36B00377512 /* Info.plist */,
				995A551B2243B3AA00377512 /* AlbumsViewControllerTests.swift */,
				995A54F82242CEF500377512 /* AppDelegateTests.swift */,
				995A552D2243FFDE00377512 /* DefaultImageServiceTests.swift */,
				995A54FA2242CF0C00377512 /* LastFMSearchServiceTests.swift */,
				995A54E72242A8C200377512 /* LoadingViewTests.swift */,
				995A54EB2242C7AD00377512 /* SearchViewControllerTests.swift */,
				995A55112243A7D700377512 /* Helpers */,
				995A54F32242CB9500377512 /* Mocks */,
				995A54E22242A41C00377512 /* Stubs */,
				995A55062242DC9B00377512 /* TestHelpers */,
			);
			path = LastFMTests;
			sourceTree = "<group>";
		};
		995A54D32242A36B00377512 /* LastFMUITests */ = {
			isa = PBXGroup;
			children = (
				995A54D42242A36B00377512 /* LastFMUITests.swift */,
				995A54D62242A36B00377512 /* Info.plist */,
			);
			path = LastFMUITests;
			sourceTree = "<group>";
		};
		995A54E22242A41C00377512 /* Stubs */ = {
			isa = PBXGroup;
			children = (
				995A552F2244205000377512 /* album_details.json */,
				995A55172243B0A300377512 /* broken_environment.json */,
				995A54E32242A61600377512 /* search_albums.json */,
				995A55252243ED9800377512 /* believe.png */,
			);
			path = Stubs;
			sourceTree = "<group>";
		};
		995A54F32242CB9500377512 /* Mocks */ = {
			isa = PBXGroup;
			children = (
				995A55292243F3C600377512 /* MockImageService.swift */,
				995A54F42242CBBC00377512 /* MockSearchService.swift */,
				995A55002242DACA00377512 /* MockURLSession.swift */,
			);
			path = Mocks;
			sourceTree = "<group>";
		};
		995A55062242DC9B00377512 /* TestHelpers */ = {
			isa = PBXGroup;
			children = (
				995A55232243EBE500377512 /* Album+Builder.swift */,
				995A55042242DC4B00377512 /* Bundle+Helpers.swift */,
				995A55072242DDB600377512 /* HelperFunctions.swift */,
				995A54FC2242D43900377512 /* UIStoryboard+Helpers.swift */,
			);
			path = TestHelpers;
			sourceTree = "<group>";
		};
		995A55092243020600377512 /* APISupport */ = {
			isa = PBXGroup;
			children = (
				995A550A2243021C00377512 /* AlbumSearchResponse.swift */,
			);
			path = APISupport;
			sourceTree = "<group>";
		};
		995A550C2243A49700377512 /* Helpers */ = {
			isa = PBXGroup;
			children = (
				995A550D2243A4E300377512 /* Environment.swift */,
				995A55272243EFCA00377512 /* ImageService.swift */,
				995A54EF2242C9EB00377512 /* Result.swift */,
				995A55022242DB0000377512 /* URLSessionProtocol.swift */,
			);
			path = Helpers;
			sourceTree = "<group>";
		};
		995A55112243A7D700377512 /* Helpers */ = {
			isa = PBXGroup;
			children = (
				995A550F2243A7CC00377512 /* EnvironmentTests.swift */,
				995A54FE2242D65200377512 /* ResultTests.swift */,
				995A55192243B19F00377512 /* URLSessionProtocolTests.swift */,
			);
			path = Helpers;
			sourceTree = "<group>";
		};
/* End PBXGroup section */

/* Begin PBXNativeTarget section */
		995A54B02242A36800377512 /* LastFM */ = {
			isa = PBXNativeTarget;
			buildConfigurationList = 995A54D92242A36B00377512 /* Build configuration list for PBXNativeTarget "LastFM" */;
			buildPhases = (
				995A54AD2242A36800377512 /* Sources */,
				995A54AE2242A36800377512 /* Frameworks */,
				995A54AF2242A36800377512 /* Resources */,
			);
			buildRules = (
			);
			dependencies = (
			);
			name = LastFM;
			productName = LastFM;
			productReference = 995A54B12242A36800377512 /* LastFM.app */;
			productType = "com.apple.product-type.application";
		};
		995A54C42242A36B00377512 /* LastFMTests */ = {
			isa = PBXNativeTarget;
			buildConfigurationList = 995A54DC2242A36B00377512 /* Build configuration list for PBXNativeTarget "LastFMTests" */;
			buildPhases = (
				995A54C12242A36B00377512 /* Sources */,
				995A54C22242A36B00377512 /* Frameworks */,
				995A54C32242A36B00377512 /* Resources */,
			);
			buildRules = (
			);
			dependencies = (
				995A54C72242A36B00377512 /* PBXTargetDependency */,
			);
			name = LastFMTests;
			productName = LastFMTests;
			productReference = 995A54C52242A36B00377512 /* LastFMTests.xctest */;
			productType = "com.apple.product-type.bundle.unit-test";
		};
		995A54CF2242A36B00377512 /* LastFMUITests */ = {
			isa = PBXNativeTarget;
			buildConfigurationList = 995A54DF2242A36B00377512 /* Build configuration list for PBXNativeTarget "LastFMUITests" */;
			buildPhases = (
				995A54CC2242A36B00377512 /* Sources */,
				995A54CD2242A36B00377512 /* Frameworks */,
				995A54CE2242A36B00377512 /* Resources */,
			);
			buildRules = (
			);
			dependencies = (
				995A54D22242A36B00377512 /* PBXTargetDependency */,
			);
			name = LastFMUITests;
			productName = LastFMUITests;
			productReference = 995A54D02242A36B00377512 /* LastFMUITests.xctest */;
			productType = "com.apple.product-type.bundle.ui-testing";
		};
/* End PBXNativeTarget section */

/* Begin PBXProject section */
		995A54A92242A36800377512 /* Project object */ = {
			isa = PBXProject;
			attributes = {
				LastSwiftUpdateCheck = 1010;
				LastUpgradeCheck = 1010;
				ORGANIZATIONNAME = "Gianluca Tranchedone";
				TargetAttributes = {
					995A54B02242A36800377512 = {
						CreatedOnToolsVersion = 10.1;
					};
					995A54C42242A36B00377512 = {
						CreatedOnToolsVersion = 10.1;
						TestTargetID = 995A54B02242A36800377512;
					};
					995A54CF2242A36B00377512 = {
						CreatedOnToolsVersion = 10.1;
						TestTargetID = 995A54B02242A36800377512;
					};
				};
			};
			buildConfigurationList = 995A54AC2242A36800377512 /* Build configuration list for PBXProject "LastFM" */;
			compatibilityVersion = "Xcode 9.3";
			developmentRegion = en;
			hasScannedForEncodings = 0;
			knownRegions = (
				en,
				Base,
			);
			mainGroup = 995A54A82242A36800377512;
			productRefGroup = 995A54B22242A36800377512 /* Products */;
			projectDirPath = "";
			projectRoot = "";
			targets = (
				995A54B02242A36800377512 /* LastFM */,
				995A54C42242A36B00377512 /* LastFMTests */,
				995A54CF2242A36B00377512 /* LastFMUITests */,
			);
		};
/* End PBXProject section */

/* Begin PBXResourcesBuildPhase section */
		995A54AF2242A36800377512 /* Resources */ = {
			isa = PBXResourcesBuildPhase;
			buildActionMask = 2147483647;
			files = (
				995A54BF2242A36B00377512 /* LaunchScreen.storyboard in Resources */,
				995A55132243A89500377512 /* Environment.json in Resources */,
				995A54BC2242A36B00377512 /* Assets.xcassets in Resources */,
				995A54BA2242A36900377512 /* Main.storyboard in Resources */,
			);
			runOnlyForDeploymentPostprocessing = 0;
		};
		995A54C32242A36B00377512 /* Resources */ = {
			isa = PBXResourcesBuildPhase;
			buildActionMask = 2147483647;
			files = (
				995A55302244205000377512 /* album_details.json in Resources */,
				995A54E42242A61600377512 /* search_albums.json in Resources */,
				995A55182243B0A300377512 /* broken_environment.json in Resources */,
				995A55262243ED9800377512 /* believe.png in Resources */,
				995A55162243AB4E00377512 /* Environment.example.json in Resources */,
			);
			runOnlyForDeploymentPostprocessing = 0;
		};
		995A54CE2242A36B00377512 /* Resources */ = {
			isa = PBXResourcesBuildPhase;
			buildActionMask = 2147483647;
			files = (
			);
			runOnlyForDeploymentPostprocessing = 0;
		};
/* End PBXResourcesBuildPhase section */

/* Begin PBXSourcesBuildPhase section */
		995A54AD2242A36800377512 /* Sources */ = {
			isa = PBXSourcesBuildPhase;
			buildActionMask = 2147483647;
			files = (
				995A55032242DB0000377512 /* URLSessionProtocol.swift in Sources */,
				995A54EA2242C75500377512 /* SearchViewController.swift in Sources */,
				995A55202243E8D000377512 /* AlbumsViewModel.swift in Sources */,
				995A550B2243021C00377512 /* AlbumSearchResponse.swift in Sources */,
				995A54B52242A36900377512 /* AppDelegate.swift in Sources */,
				995A551E2243B3D900377512 /* AlbumsViewController.swift in Sources */,
				995A550E2243A4E300377512 /* Environment.swift in Sources */,
				995A55282243EFCA00377512 /* ImageService.swift in Sources */,
				995A54F72242CEDD00377512 /* LastFMSearchService.swift in Sources */,
				995A54F02242C9EB00377512 /* Result.swift in Sources */,
				995A54E62242A8B200377512 /* LoadingView.swift in Sources */,
				995A54F22242CB0B00377512 /* Album.swift in Sources */,
				995A55222243E96300377512 /* AlbumCell.swift in Sources */,
				995A552C2243FCC900377512 /* DefaultImageService.swift in Sources */,
			);
			runOnlyForDeploymentPostprocessing = 0;
		};
		995A54C12242A36B00377512 /* Sources */ = {
			isa = PBXSourcesBuildPhase;
			buildActionMask = 2147483647;
			files = (
				995A55082242DDB600377512 /* HelperFunctions.swift in Sources */,
				995A55012242DACA00377512 /* MockURLSession.swift in Sources */,
				995A54F92242CEF500377512 /* AppDelegateTests.swift in Sources */,
				995A54F52242CBBC00377512 /* MockSearchService.swift in Sources */,
				995A54FD2242D43900377512 /* UIStoryboard+Helpers.swift in Sources */,
				995A552E2243FFDE00377512 /* DefaultImageServiceTests.swift in Sources */,
				995A54FB2242CF0C00377512 /* LastFMSearchServiceTests.swift in Sources */,
				995A54EC2242C7AD00377512 /* SearchViewControllerTests.swift in Sources */,
				995A551C2243B3AA00377512 /* AlbumsViewControllerTests.swift in Sources */,
				995A54E82242A8C200377512 /* LoadingViewTests.swift in Sources */,
				995A55242243EBE500377512 /* Album+Builder.swift in Sources */,
				995A551A2243B19F00377512 /* URLSessionProtocolTests.swift in Sources */,
				995A55052242DC4B00377512 /* Bundle+Helpers.swift in Sources */,
				995A54FF2242D65200377512 /* ResultTests.swift in Sources */,
				995A55102243A7CC00377512 /* EnvironmentTests.swift in Sources */,
				995A552A2243F3C600377512 /* MockImageService.swift in Sources */,
			);
			runOnlyForDeploymentPostprocessing = 0;
		};
		995A54CC2242A36B00377512 /* Sources */ = {
			isa = PBXSourcesBuildPhase;
			buildActionMask = 2147483647;
			files = (
				995A54D52242A36B00377512 /* LastFMUITests.swift in Sources */,
			);
			runOnlyForDeploymentPostprocessing = 0;
		};
/* End PBXSourcesBuildPhase section */

/* Begin PBXTargetDependency section */
		995A54C72242A36B00377512 /* PBXTargetDependency */ = {
			isa = PBXTargetDependency;
			target = 995A54B02242A36800377512 /* LastFM */;
			targetProxy = 995A54C62242A36B00377512 /* PBXContainerItemProxy */;
		};
		995A54D22242A36B00377512 /* PBXTargetDependency */ = {
			isa = PBXTargetDependency;
			target = 995A54B02242A36800377512 /* LastFM */;
			targetProxy = 995A54D12242A36B00377512 /* PBXContainerItemProxy */;
		};
/* End PBXTargetDependency section */

/* Begin PBXVariantGroup section */
		995A54B82242A36900377512 /* Main.storyboard */ = {
			isa = PBXVariantGroup;
			children = (
				995A54B92242A36900377512 /* Base */,
			);
			name = Main.storyboard;
			sourceTree = "<group>";
		};
		995A54BD2242A36B00377512 /* LaunchScreen.storyboard */ = {
			isa = PBXVariantGroup;
			children = (
				995A54BE2242A36B00377512 /* Base */,
			);
			name = LaunchScreen.storyboard;
			sourceTree = "<group>";
		};
/* End PBXVariantGroup section */

/* Begin XCBuildConfiguration section */
		995A54D72242A36B00377512 /* Debug */ = {
			isa = XCBuildConfiguration;
			buildSettings = {
				ALWAYS_SEARCH_USER_PATHS = NO;
				CLANG_ANALYZER_NONNULL = YES;
				CLANG_ANALYZER_NUMBER_OBJECT_CONVERSION = YES_AGGRESSIVE;
				CLANG_CXX_LANGUAGE_STANDARD = "gnu++14";
				CLANG_CXX_LIBRARY = "libc++";
				CLANG_ENABLE_MODULES = YES;
				CLANG_ENABLE_OBJC_ARC = YES;
				CLANG_ENABLE_OBJC_WEAK = YES;
				CLANG_WARN_BLOCK_CAPTURE_AUTORELEASING = YES;
				CLANG_WARN_BOOL_CONVERSION = YES;
				CLANG_WARN_COMMA = YES;
				CLANG_WARN_CONSTANT_CONVERSION = YES;
				CLANG_WARN_DEPRECATED_OBJC_IMPLEMENTATIONS = YES;
				CLANG_WARN_DIRECT_OBJC_ISA_USAGE = YES_ERROR;
				CLANG_WARN_DOCUMENTATION_COMMENTS = YES;
				CLANG_WARN_EMPTY_BODY = YES;
				CLANG_WARN_ENUM_CONVERSION = YES;
				CLANG_WARN_INFINITE_RECURSION = YES;
				CLANG_WARN_INT_CONVERSION = YES;
				CLANG_WARN_NON_LITERAL_NULL_CONVERSION = YES;
				CLANG_WARN_OBJC_IMPLICIT_RETAIN_SELF = YES;
				CLANG_WARN_OBJC_LITERAL_CONVERSION = YES;
				CLANG_WARN_OBJC_ROOT_CLASS = YES_ERROR;
				CLANG_WARN_RANGE_LOOP_ANALYSIS = YES;
				CLANG_WARN_STRICT_PROTOTYPES = YES;
				CLANG_WARN_SUSPICIOUS_MOVE = YES;
				CLANG_WARN_UNGUARDED_AVAILABILITY = YES_AGGRESSIVE;
				CLANG_WARN_UNREACHABLE_CODE = YES;
				CLANG_WARN__DUPLICATE_METHOD_MATCH = YES;
				CODE_SIGN_IDENTITY = "iPhone Developer";
				COPY_PHASE_STRIP = NO;
				DEBUG_INFORMATION_FORMAT = dwarf;
				ENABLE_STRICT_OBJC_MSGSEND = YES;
				ENABLE_TESTABILITY = YES;
				GCC_C_LANGUAGE_STANDARD = gnu11;
				GCC_DYNAMIC_NO_PIC = NO;
				GCC_NO_COMMON_BLOCKS = YES;
				GCC_OPTIMIZATION_LEVEL = 0;
				GCC_PREPROCESSOR_DEFINITIONS = (
					"DEBUG=1",
					"$(inherited)",
				);
				GCC_WARN_64_TO_32_BIT_CONVERSION = YES;
				GCC_WARN_ABOUT_RETURN_TYPE = YES_ERROR;
				GCC_WARN_UNDECLARED_SELECTOR = YES;
				GCC_WARN_UNINITIALIZED_AUTOS = YES_AGGRESSIVE;
				GCC_WARN_UNUSED_FUNCTION = YES;
				GCC_WARN_UNUSED_VARIABLE = YES;
				IPHONEOS_DEPLOYMENT_TARGET = 12.1;
				MTL_ENABLE_DEBUG_INFO = INCLUDE_SOURCE;
				MTL_FAST_MATH = YES;
				ONLY_ACTIVE_ARCH = YES;
				SDKROOT = iphoneos;
				SWIFT_ACTIVE_COMPILATION_CONDITIONS = DEBUG;
				SWIFT_OPTIMIZATION_LEVEL = "-Onone";
			};
			name = Debug;
		};
		995A54D82242A36B00377512 /* Release */ = {
			isa = XCBuildConfiguration;
			buildSettings = {
				ALWAYS_SEARCH_USER_PATHS = NO;
				CLANG_ANALYZER_NONNULL = YES;
				CLANG_ANALYZER_NUMBER_OBJECT_CONVERSION = YES_AGGRESSIVE;
				CLANG_CXX_LANGUAGE_STANDARD = "gnu++14";
				CLANG_CXX_LIBRARY = "libc++";
				CLANG_ENABLE_MODULES = YES;
				CLANG_ENABLE_OBJC_ARC = YES;
				CLANG_ENABLE_OBJC_WEAK = YES;
				CLANG_WARN_BLOCK_CAPTURE_AUTORELEASING = YES;
				CLANG_WARN_BOOL_CONVERSION = YES;
				CLANG_WARN_COMMA = YES;
				CLANG_WARN_CONSTANT_CONVERSION = YES;
				CLANG_WARN_DEPRECATED_OBJC_IMPLEMENTATIONS = YES;
				CLANG_WARN_DIRECT_OBJC_ISA_USAGE = YES_ERROR;
				CLANG_WARN_DOCUMENTATION_COMMENTS = YES;
				CLANG_WARN_EMPTY_BODY = YES;
				CLANG_WARN_ENUM_CONVERSION = YES;
				CLANG_WARN_INFINITE_RECURSION = YES;
				CLANG_WARN_INT_CONVERSION = YES;
				CLANG_WARN_NON_LITERAL_NULL_CONVERSION = YES;
				CLANG_WARN_OBJC_IMPLICIT_RETAIN_SELF = YES;
				CLANG_WARN_OBJC_LITERAL_CONVERSION = YES;
				CLANG_WARN_OBJC_ROOT_CLASS = YES_ERROR;
				CLANG_WARN_RANGE_LOOP_ANALYSIS = YES;
				CLANG_WARN_STRICT_PROTOTYPES = YES;
				CLANG_WARN_SUSPICIOUS_MOVE = YES;
				CLANG_WARN_UNGUARDED_AVAILABILITY = YES_AGGRESSIVE;
				CLANG_WARN_UNREACHABLE_CODE = YES;
				CLANG_WARN__DUPLICATE_METHOD_MATCH = YES;
				CODE_SIGN_IDENTITY = "iPhone Developer";
				COPY_PHASE_STRIP = NO;
				DEBUG_INFORMATION_FORMAT = "dwarf-with-dsym";
				ENABLE_NS_ASSERTIONS = NO;
				ENABLE_STRICT_OBJC_MSGSEND = YES;
				GCC_C_LANGUAGE_STANDARD = gnu11;
				GCC_NO_COMMON_BLOCKS = YES;
				GCC_WARN_64_TO_32_BIT_CONVERSION = YES;
				GCC_WARN_ABOUT_RETURN_TYPE = YES_ERROR;
				GCC_WARN_UNDECLARED_SELECTOR = YES;
				GCC_WARN_UNINITIALIZED_AUTOS = YES_AGGRESSIVE;
				GCC_WARN_UNUSED_FUNCTION = YES;
				GCC_WARN_UNUSED_VARIABLE = YES;
				IPHONEOS_DEPLOYMENT_TARGET = 12.1;
				MTL_ENABLE_DEBUG_INFO = NO;
				MTL_FAST_MATH = YES;
				SDKROOT = iphoneos;
				SWIFT_COMPILATION_MODE = wholemodule;
				SWIFT_OPTIMIZATION_LEVEL = "-O";
				VALIDATE_PRODUCT = YES;
			};
			name = Release;
		};
		995A54DA2242A36B00377512 /* Debug */ = {
			isa = XCBuildConfiguration;
			buildSettings = {
				ASSETCATALOG_COMPILER_APPICON_NAME = AppIcon;
				CODE_SIGN_STYLE = Automatic;
				DEVELOPMENT_TEAM = ZG8J36ACJ8;
				INFOPLIST_FILE = LastFM/Info.plist;
				LD_RUNPATH_SEARCH_PATHS = (
					"$(inherited)",
					"@executable_path/Frameworks",
				);
				PRODUCT_BUNDLE_IDENTIFIER = com.gtranchedone.LastFM;
				PRODUCT_NAME = "$(TARGET_NAME)";
				SWIFT_VERSION = 4.2;
				TARGETED_DEVICE_FAMILY = "1,2";
			};
			name = Debug;
		};
		995A54DB2242A36B00377512 /* Release */ = {
			isa = XCBuildConfiguration;
			buildSettings = {
				ASSETCATALOG_COMPILER_APPICON_NAME = AppIcon;
				CODE_SIGN_STYLE = Automatic;
				DEVELOPMENT_TEAM = ZG8J36ACJ8;
				INFOPLIST_FILE = LastFM/Info.plist;
				LD_RUNPATH_SEARCH_PATHS = (
					"$(inherited)",
					"@executable_path/Frameworks",
				);
				PRODUCT_BUNDLE_IDENTIFIER = com.gtranchedone.LastFM;
				PRODUCT_NAME = "$(TARGET_NAME)";
				SWIFT_VERSION = 4.2;
				TARGETED_DEVICE_FAMILY = "1,2";
			};
			name = Release;
		};
		995A54DD2242A36B00377512 /* Debug */ = {
			isa = XCBuildConfiguration;
			buildSettings = {
				ALWAYS_EMBED_SWIFT_STANDARD_LIBRARIES = YES;
				BUNDLE_LOADER = "$(TEST_HOST)";
				CODE_SIGN_STYLE = Automatic;
				DEVELOPMENT_TEAM = ZG8J36ACJ8;
				INFOPLIST_FILE = LastFMTests/Info.plist;
				LD_RUNPATH_SEARCH_PATHS = (
					"$(inherited)",
					"@executable_path/Frameworks",
					"@loader_path/Frameworks",
				);
				PRODUCT_BUNDLE_IDENTIFIER = com.gtranchedone.LastFMTests;
				PRODUCT_NAME = "$(TARGET_NAME)";
				SWIFT_VERSION = 4.2;
				TARGETED_DEVICE_FAMILY = "1,2";
				TEST_HOST = "$(BUILT_PRODUCTS_DIR)/LastFM.app/LastFM";
			};
			name = Debug;
		};
		995A54DE2242A36B00377512 /* Release */ = {
			isa = XCBuildConfiguration;
			buildSettings = {
				ALWAYS_EMBED_SWIFT_STANDARD_LIBRARIES = YES;
				BUNDLE_LOADER = "$(TEST_HOST)";
				CODE_SIGN_STYLE = Automatic;
				DEVELOPMENT_TEAM = ZG8J36ACJ8;
				INFOPLIST_FILE = LastFMTests/Info.plist;
				LD_RUNPATH_SEARCH_PATHS = (
					"$(inherited)",
					"@executable_path/Frameworks",
					"@loader_path/Frameworks",
				);
				PRODUCT_BUNDLE_IDENTIFIER = com.gtranchedone.LastFMTests;
				PRODUCT_NAME = "$(TARGET_NAME)";
				SWIFT_VERSION = 4.2;
				TARGETED_DEVICE_FAMILY = "1,2";
				TEST_HOST = "$(BUILT_PRODUCTS_DIR)/LastFM.app/LastFM";
			};
			name = Release;
		};
		995A54E02242A36B00377512 /* Debug */ = {
			isa = XCBuildConfiguration;
			buildSettings = {
				ALWAYS_EMBED_SWIFT_STANDARD_LIBRARIES = YES;
				CODE_SIGN_STYLE = Automatic;
				DEVELOPMENT_TEAM = ZG8J36ACJ8;
				INFOPLIST_FILE = LastFMUITests/Info.plist;
				LD_RUNPATH_SEARCH_PATHS = (
					"$(inherited)",
					"@executable_path/Frameworks",
					"@loader_path/Frameworks",
				);
				PRODUCT_BUNDLE_IDENTIFIER = com.gtranchedone.LastFMUITests;
				PRODUCT_NAME = "$(TARGET_NAME)";
				SWIFT_VERSION = 4.2;
				TARGETED_DEVICE_FAMILY = "1,2";
				TEST_TARGET_NAME = LastFM;
			};
			name = Debug;
		};
		995A54E12242A36B00377512 /* Release */ = {
			isa = XCBuildConfiguration;
			buildSettings = {
				ALWAYS_EMBED_SWIFT_STANDARD_LIBRARIES = YES;
				CODE_SIGN_STYLE = Automatic;
				DEVELOPMENT_TEAM = ZG8J36ACJ8;
				INFOPLIST_FILE = LastFMUITests/Info.plist;
				LD_RUNPATH_SEARCH_PATHS = (
					"$(inherited)",
					"@executable_path/Frameworks",
					"@loader_path/Frameworks",
				);
				PRODUCT_BUNDLE_IDENTIFIER = com.gtranchedone.LastFMUITests;
				PRODUCT_NAME = "$(TARGET_NAME)";
				SWIFT_VERSION = 4.2;
				TARGETED_DEVICE_FAMILY = "1,2";
				TEST_TARGET_NAME = LastFM;
			};
			name = Release;
		};
/* End XCBuildConfiguration section */

/* Begin XCConfigurationList section */
		995A54AC2242A36800377512 /* Build configuration list for PBXProject "LastFM" */ = {
			isa = XCConfigurationList;
			buildConfigurations = (
				995A54D72242A36B00377512 /* Debug */,
				995A54D82242A36B00377512 /* Release */,
			);
			defaultConfigurationIsVisible = 0;
			defaultConfigurationName = Release;
		};
		995A54D92242A36B00377512 /* Build configuration list for PBXNativeTarget "LastFM" */ = {
			isa = XCConfigurationList;
			buildConfigurations = (
				995A54DA2242A36B00377512 /* Debug */,
				995A54DB2242A36B00377512 /* Release */,
			);
			defaultConfigurationIsVisible = 0;
			defaultConfigurationName = Release;
		};
		995A54DC2242A36B00377512 /* Build configuration list for PBXNativeTarget "LastFMTests" */ = {
			isa = XCConfigurationList;
			buildConfigurations = (
				995A54DD2242A36B00377512 /* Debug */,
				995A54DE2242A36B00377512 /* Release */,
			);
			defaultConfigurationIsVisible = 0;
			defaultConfigurationName = Release;
		};
		995A54DF2242A36B00377512 /* Build configuration list for PBXNativeTarget "LastFMUITests" */ = {
			isa = XCConfigurationList;
			buildConfigurations = (
				995A54E02242A36B00377512 /* Debug */,
				995A54E12242A36B00377512 /* Release */,
			);
			defaultConfigurationIsVisible = 0;
			defaultConfigurationName = Release;
		};
/* End XCConfigurationList section */
	};
	rootObject = 995A54A92242A36800377512 /* Project object */;
}
